
Microsoft Visual Studio Solution File, Format Version 12.00
# Visual Studio 2013
VisualStudioVersion = 12.0.31101.0
MinimumVisualStudioVersion = 10.0.40219.1
Project("{FAE04EC0-301F-11D3-BF4B-00C04F79EFBC}") = "TDD_lab_Functions", "TDD_lab_Functions\TDD_lab_Functions.csproj", "{6A1E081C-4A82-4641-BB49-04B7EAF4D6FD}"
EndProject
Project("{FAE04EC0-301F-11D3-BF4B-00C04F79EFBC}") = "TDD_lab_Function.Test", "TDD_lab_Function.Test\TDD_lab_Function.Test.csproj", "{45ED49F7-C74C-472D-B7B0-2E9D32D08ACE}"
EndProject
Global
	GlobalSection(SolutionConfigurationPlatforms) = preSolution
		Debug|Any CPU = Debug|Any CPU
		Release|Any CPU = Release|Any CPU
	EndGlobalSection
	GlobalSection(ProjectConfigurationPlatforms) = postSolution
		{6A1E081C-4A82-4641-BB49-04B7EAF4D6FD}.Debug|Any CPU.ActiveCfg = Debug|Any CPU
		{6A1E081C-4A82-4641-BB49-04B7EAF4D6FD}.Debug|Any CPU.Build.0 = Debug|Any CPU
		{6A1E081C-4A82-4641-BB49-04B7EAF4D6FD}.Release|Any CPU.ActiveCfg = Release|Any CPU
		{6A1E081C-4A82-4641-BB49-04B7EAF4D6FD}.Release|Any CPU.Build.0 = Release|Any CPU
		{45ED49F7-C74C-472D-B7B0-2E9D32D08ACE}.Debug|Any CPU.ActiveCfg = Debug|Any CPU
		{45ED49F7-C74C-472D-B7B0-2E9D32D08ACE}.Debug|Any CPU.Build.0 = Debug|Any CPU
		{45ED49F7-C74C-472D-B7B0-2E9D32D08ACE}.Release|Any CPU.ActiveCfg = Release|Any CPU
		{45ED49F7-C74C-472D-B7B0-2E9D32D08ACE}.Release|Any CPU.Build.0 = Release|Any CPU
	EndGlobalSection
	GlobalSection(SolutionProperties) = preSolution
		HideSolutionNode = FALSE
	EndGlobalSection
EndGlobal
